
Microsoft Visual Studio Solution File, Format Version 12.00
# Visual Studio Version 16
VisualStudioVersion = 16.0.30717.126
MinimumVisualStudioVersion = 10.0.40219.1
Project("{FAE04EC0-301F-11D3-BF4B-00C04F79EFBC}") = "Git_Ejercicio", "Git_Ejercicio\Git_Ejercicio.csproj", "{CBAE394D-6A74-4BCD-865C-253F573F9012}"
EndProject
Global
	GlobalSection(SolutionConfigurationPlatforms) = preSolution
		Debug|Any CPU = Debug|Any CPU
		Release|Any CPU = Release|Any CPU
	EndGlobalSection
	GlobalSection(ProjectConfigurationPlatforms) = postSolution
		{CBAE394D-6A74-4BCD-865C-253F573F9012}.Debug|Any CPU.ActiveCfg = Debug|Any CPU
		{CBAE394D-6A74-4BCD-865C-253F573F9012}.Debug|Any CPU.Build.0 = Debug|Any CPU
		{CBAE394D-6A74-4BCD-865C-253F573F9012}.Release|Any CPU.ActiveCfg = Release|Any CPU
		{CBAE394D-6A74-4BCD-865C-253F573F9012}.Release|Any CPU.Build.0 = Release|Any CPU
	EndGlobalSection
	GlobalSection(SolutionProperties) = preSolution
		HideSolutionNode = FALSE
	EndGlobalSection
	GlobalSection(ExtensibilityGlobals) = postSolution
		SolutionGuid = {CF7DF327-2E82-42EB-AA24-E638E0C422BF}
	EndGlobalSection
EndGlobal
